
Microsoft Visual Studio Solution File, Format Version 12.00
# Visual Studio Version 16
VisualStudioVersion = 16.0.28803.156
MinimumVisualStudioVersion = 10.0.40219.1
Project("{FAE04EC0-301F-11D3-BF4B-00C04F79EFBC}") = "MulticastTest", "MulticastTest.csproj", "{BB0E15E5-F7F6-4F51-A18A-F8AEF261B93B}"
	ProjectSection(ProjectDependencies) = postProject
		{3B36483C-8CB0-412E-97E8-973657B899B5} = {3B36483C-8CB0-412E-97E8-973657B899B5}
	EndProjectSection
EndProject
Project("{FAE04EC0-301F-11D3-BF4B-00C04F79EFBC}") = "InpegSocketLib", "..\..\InpegSocketLib.csproj", "{3B36483C-8CB0-412E-97E8-973657B899B5}"
EndProject
Global
	GlobalSection(SolutionConfigurationPlatforms) = preSolution
		Debug|Any CPU = Debug|Any CPU
		Release|Any CPU = Release|Any CPU
	EndGlobalSection
	GlobalSection(ProjectConfigurationPlatforms) = postSolution
		{BB0E15E5-F7F6-4F51-A18A-F8AEF261B93B}.Debug|Any CPU.ActiveCfg = Debug|Any CPU
		{BB0E15E5-F7F6-4F51-A18A-F8AEF261B93B}.Debug|Any CPU.Build.0 = Debug|Any CPU
		{BB0E15E5-F7F6-4F51-A18A-F8AEF261B93B}.Release|Any CPU.ActiveCfg = Release|Any CPU
		{BB0E15E5-F7F6-4F51-A18A-F8AEF261B93B}.Release|Any CPU.Build.0 = Release|Any CPU
		{3B36483C-8CB0-412E-97E8-973657B899B5}.Debug|Any CPU.ActiveCfg = Debug|Any CPU
		{3B36483C-8CB0-412E-97E8-973657B899B5}.Debug|Any CPU.Build.0 = Debug|Any CPU
		{3B36483C-8CB0-412E-97E8-973657B899B5}.Release|Any CPU.ActiveCfg = Release|Any CPU
		{3B36483C-8CB0-412E-97E8-973657B899B5}.Release|Any CPU.Build.0 = Release|Any CPU
	EndGlobalSection
	GlobalSection(SolutionProperties) = preSolution
		HideSolutionNode = FALSE
	EndGlobalSection
	GlobalSection(ExtensibilityGlobals) = postSolution
		SolutionGuid = {F5A92CDD-12CF-47FD-A1DA-68D6D920AF6F}
	EndGlobalSection
EndGlobal
